
Microsoft Visual Studio Solution File, Format Version 12.00
# Visual Studio 15
Project("{FAE04EC0-301F-11D3-BF4B-00C04F79EFBC}") = "WebDemo", "WebDemo\WebDemo.csproj", "{8D5D8D53-FB0E-4DE8-A048-865359250F38}"
EndProject
Project("{FAE04EC0-301F-11D3-BF4B-00C04F79EFBC}") = "ApiLibrary", "ApiLibrary\ApiLibrary.csproj", "{77062A74-4672-46B2-B6FF-22CC4AFF2DA3}"
EndProject
Global
	GlobalSection(SolutionConfigurationPlatforms) = preSolution
		Debug|Any CPU = Debug|Any CPU
		Release|Any CPU = Release|Any CPU
	EndGlobalSection
	GlobalSection(ProjectConfigurationPlatforms) = postSolution
		{8D5D8D53-FB0E-4DE8-A048-865359250F38}.Debug|Any CPU.ActiveCfg = Debug|Any CPU
		{8D5D8D53-FB0E-4DE8-A048-865359250F38}.Debug|Any CPU.Build.0 = Debug|Any CPU
		{8D5D8D53-FB0E-4DE8-A048-865359250F38}.Release|Any CPU.ActiveCfg = Release|Any CPU
		{8D5D8D53-FB0E-4DE8-A048-865359250F38}.Release|Any CPU.Build.0 = Release|Any CPU
		{77062A74-4672-46B2-B6FF-22CC4AFF2DA3}.Debug|Any CPU.ActiveCfg = Debug|Any CPU
		{77062A74-4672-46B2-B6FF-22CC4AFF2DA3}.Debug|Any CPU.Build.0 = Debug|Any CPU
		{77062A74-4672-46B2-B6FF-22CC4AFF2DA3}.Release|Any CPU.ActiveCfg = Release|Any CPU
		{77062A74-4672-46B2-B6FF-22CC4AFF2DA3}.Release|Any CPU.Build.0 = Release|Any CPU
	EndGlobalSection
EndGlobal
